{
    "_readme": [
        "This file locks the dependencies of your project to a known state",
        "Read more about it at https://getcomposer.org/doc/01-basic-usage.md#installing-dependencies",
        "This file is @generated automatically"
    ],
    "content-hash": "7cf288bd34ae7cb7416eefce11cbd122",
    "packages": [
        {
            "name": "lizus/php-captcha",
            "version": "dev-main",
            "source": {
                "type": "git",
                "url": "https://github.com/lizus/php-captcha.git",
                "reference": "d255e64232bc90e6bcc0d766e8c39015d329d60b"
            },
            "dist": {
                "type": "zip",
                "url": "https://api.github.com/repos/lizus/php-captcha/zipball/d255e64232bc90e6bcc0d766e8c39015d329d60b",
                "reference": "d255e64232bc90e6bcc0d766e8c39015d329d60b",
                "shasum": ""
            },
            "require": {
                "lizus/php-redis": "dev-master",
                "php": ">=7.1"
            },
            "default-branch": true,
            "type": "library",
            "autoload": {
                "files": [
                    "src/function.php"
                ],
                "psr-4": {
                    "LizusCaptcha\\": "src/class/"
                }
            },
            "notification-url": "https://packagist.org/downloads/",
            "license": [
                "MIT"
            ],
            "authors": [
                {
                    "name": "lizus",
                    "email": "lizus.com@gmail.com"
                }
            ],
            "description": "php captcha",
            "support": {
                "issues": "https://github.com/lizus/php-captcha/issues",
                "source": "https://github.com/lizus/php-captcha/tree/main"
            },
            "time": "2020-11-25T11:59:28+00:00"
        },
        {
            "name": "lizus/php-curl",
            "version": "dev-master",
            "source": {
                "type": "git",
                "url": "https://github.com/lizus/php-curl.git",
                "reference": "d34ea12a133dd3325d5cd8299d84b7d2298d9379"
            },
            "dist": {
                "type": "zip",
                "url": "https://api.github.com/repos/lizus/php-curl/zipball/d34ea12a133dd3325d5cd8299d84b7d2298d9379",
                "reference": "d34ea12a133dd3325d5cd8299d84b7d2298d9379",
                "shasum": ""
            },
            "require": {
                "php": ">=7.1"
            },
            "default-branch": true,
            "type": "library",
            "autoload": {
                "psr-4": {
                    "Lizus\\PHPCurl\\": "src/class/"
                }
            },
            "notification-url": "https://packagist.org/downloads/",
            "license": [
                "MIT"
            ],
            "authors": [
                {
                    "name": "lizus",
                    "email": "lizus.com@gmail.com"
                }
            ],
            "description": "php curl class",
            "support": {
                "issues": "https://github.com/lizus/php-curl/issues",
                "source": "https://github.com/lizus/php-curl/tree/master"
            },
            "time": "2022-07-30T09:53:25+00:00"
        },
        {
            "name": "lizus/php-loaddir",
            "version": "dev-master",
            "source": {
                "type": "git",
                "url": "https://github.com/lizus/php-loaddir.git",
                "reference": "809cf9e7c6dc113c9da2a44c7cf09577e414b298"
            },
            "dist": {
                "type": "zip",
                "url": "https://api.github.com/repos/lizus/php-loaddir/zipball/809cf9e7c6dc113c9da2a44c7cf09577e414b298",
                "reference": "809cf9e7c6dc113c9da2a44c7cf09577e414b298",
                "shasum": ""
            },
            "require": {
                "php": ">7.1"
            },
            "default-branch": true,
            "type": "library",
            "autoload": {
                "psr-4": {
                    "Lizus\\LoadDir\\": "src/class/"
                }
            },
            "notification-url": "https://packagist.org/downloads/",
            "license": [
                "MIT"
            ],
            "authors": [
                {
                    "name": "lizus",
                    "email": "lizus.com@gmail.com"
                }
            ],
            "description": "load dir files",
            "support": {
                "issues": "https://github.com/lizus/php-loaddir/issues",
                "source": "https://github.com/lizus/php-loaddir/tree/master"
            },
            "time": "2020-08-29T03:00:00+00:00"
        },
        {
            "name": "lizus/php-redis",
            "version": "dev-master",
            "source": {
                "type": "git",
                "url": "https://github.com/lizus/php-redis.git",
                "reference": "efe4bace6da096eaab63a94515db7476fcb460f4"
            },
            "dist": {
                "type": "zip",
                "url": "https://api.github.com/repos/lizus/php-redis/zipball/efe4bace6da096eaab63a94515db7476fcb460f4",
                "reference": "efe4bace6da096eaab63a94515db7476fcb460f4",
                "shasum": ""
            },
            "require": {
                "php": ">=7.1"
            },
            "default-branch": true,
            "type": "library",
            "autoload": {
                "psr-4": {
                    "Lizus\\PHPRedis\\": "src/class/"
                }
            },
            "notification-url": "https://packagist.org/downloads/",
            "license": [
                "MIT"
            ],
            "authors": [
                {
                    "name": "lizus",
                    "email": "lizus.com@gmail.com"
                }
            ],
            "description": "php redis class",
            "support": {
                "issues": "https://github.com/lizus/php-redis/issues",
                "source": "https://github.com/lizus/php-redis/tree/master"
            },
            "time": "2021-06-28T05:53:25+00:00"
        },
        {
            "name": "lizus/wp-function",
            "version": "dev-main",
            "source": {
                "type": "git",
                "url": "https://github.com/lizus/wp-function.git",
                "reference": "363b9e34814ddf3fc9e7115ef06f17133cf31837"
            },
            "dist": {
                "type": "zip",
                "url": "https://api.github.com/repos/lizus/wp-function/zipball/363b9e34814ddf3fc9e7115ef06f17133cf31837",
                "reference": "363b9e34814ddf3fc9e7115ef06f17133cf31837",
                "shasum": ""
            },
            "require": {
                "lizus/php-loaddir": "dev-master",
                "php": ">=7.0"
            },
            "default-branch": true,
            "type": "library",
            "autoload": {
                "files": [
                    "src/load.php"
                ]
            },
            "notification-url": "https://packagist.org/downloads/",
            "license": [
                "GPL-2.0-or-later"
            ],
            "authors": [
                {
                    "name": "lizus",
                    "email": "lizus.com@gmail.com"
                }
            ],
            "description": "wp function",
            "support": {
                "issues": "https://github.com/lizus/wp-function/issues",
                "source": "https://github.com/lizus/wp-function/tree/main"
            },
            "time": "2024-01-31T13:41:44+00:00"
        },
        {
            "name": "lizus/wp-media",
            "version": "dev-main",
            "source": {
                "type": "git",
                "url": "https://github.com/lizus/wp-media.git",
                "reference": "7a2895739193a2ac218995faf29dbee443391919"
            },
            "dist": {
                "type": "zip",
                "url": "https://api.github.com/repos/lizus/wp-media/zipball/7a2895739193a2ac218995faf29dbee443391919",
                "reference": "7a2895739193a2ac218995faf29dbee443391919",
                "shasum": ""
            },
            "require": {
                "lizus/php-loaddir": "dev-master",
                "php": ">=7.0"
            },
            "default-branch": true,
            "type": "library",
            "autoload": {
                "files": [
                    "src/load.php"
                ]
            },
            "notification-url": "https://packagist.org/downloads/",
            "license": [
                "GPL-2.0-or-later"
            ],
            "authors": [
                {
                    "name": "lizus",
                    "email": "lizus.com@gmail.com"
                }
            ],
            "description": "wp media handler",
            "support": {
                "issues": "https://github.com/lizus/wp-media/issues",
                "source": "https://github.com/lizus/wp-media/tree/main"
            },
            "time": "2021-04-22T08:40:55+00:00"
        },
        {
            "name": "lizus/wp-seo",
            "version": "dev-main",
            "source": {
                "type": "git",
                "url": "https://github.com/lizus/wp-seo.git",
                "reference": "52a736e8c655326306171dda15b4e643b0700c21"
            },
            "dist": {
                "type": "zip",
                "url": "https://api.github.com/repos/lizus/wp-seo/zipball/52a736e8c655326306171dda15b4e643b0700c21",
                "reference": "52a736e8c655326306171dda15b4e643b0700c21",
                "shasum": ""
            },
            "require": {
                "lizus/wp-function": "dev-main",
                "php": ">=7.0"
            },
            "default-branch": true,
            "type": "library",
            "autoload": {
                "files": [
                    "src/load.php"
                ]
            },
            "notification-url": "https://packagist.org/downloads/",
            "license": [
                "GPL-2.0-or-later"
            ],
            "authors": [
                {
                    "name": "lizus",
                    "email": "lizus.com@gmail.com"
                }
            ],
            "description": "use for wp seo",
            "support": {
                "issues": "https://github.com/lizus/wp-seo/issues",
                "source": "https://github.com/lizus/wp-seo/tree/main"
            },
            "time": "2021-09-16T14:50:14+00:00"
        },
        {
            "name": "lizus/wp-vitara",
            "version": "dev-main",
            "source": {
                "type": "git",
                "url": "https://github.com/lizus/wp-vitara.git",
                "reference": "0c1384192cefe24fb6324f00fd4bb2b6eec09029"
            },
            "dist": {
                "type": "zip",
                "url": "https://api.github.com/repos/lizus/wp-vitara/zipball/0c1384192cefe24fb6324f00fd4bb2b6eec09029",
                "reference": "0c1384192cefe24fb6324f00fd4bb2b6eec09029",
                "shasum": ""
            },
            "require": {
                "lizus/wp-function": "dev-main",
                "php": ">=7.0"
            },
            "default-branch": true,
            "type": "library",
            "autoload": {
                "psr-4": {
                    "LizusVitara\\": "src/"
                }
            },
            "notification-url": "https://packagist.org/downloads/",
            "license": [
                "GPL-2.0-or-later"
            ],
            "authors": [
                {
                    "name": "lizus",
                    "email": "lizus.com@gmail.com"
                }
            ],
            "description": "wp vitara class",
            "support": {
                "issues": "https://github.com/lizus/wp-vitara/issues",
                "source": "https://github.com/lizus/wp-vitara/tree/main"
            },
            "time": "2024-02-23T01:25:22+00:00"
        }
    ],
    "packages-dev": [],
    "aliases": [],
    "minimum-stability": "dev",
    "stability-flags": {
        "lizus/wp-vitara": 20,
        "lizus/php-loaddir": 20,
        "lizus/wp-media": 20,
        "lizus/wp-seo": 20,
        "lizus/wp-function": 20,
        "lizus/php-curl": 20,
        "lizus/php-captcha": 20
    },
    "prefer-stable": false,
    "prefer-lowest": false,
    "platform": {
        "php": "^7.1"
    },
    "platform-dev": [],
    "plugin-api-version": "2.0.0"
}
